
Microsoft Visual Studio Solution File, Format Version 12.00
# Visual Studio Version 17
VisualStudioVersion = 17.10.35027.167
MinimumVisualStudioVersion = 10.0.40219.1
Project("{FAE04EC0-301F-11D3-BF4B-00C04F79EFBC}") = "FFU_Beyond_Reach", "FFU_BR\FFU_Beyond_Reach.csproj", "{1F905DCF-A33B-4B80-812C-411A3F32F836}"
EndProject
Global
	GlobalSection(SolutionConfigurationPlatforms) = preSolution
		Debug|Any CPU = Debug|Any CPU
		Release|Any CPU = Release|Any CPU
	EndGlobalSection
	GlobalSection(ProjectConfigurationPlatforms) = postSolution
		{1F905DCF-A33B-4B80-812C-411A3F32F836}.Debug|Any CPU.ActiveCfg = Debug|Any CPU
		{1F905DCF-A33B-4B80-812C-411A3F32F836}.Debug|Any CPU.Build.0 = Debug|Any CPU
		{1F905DCF-A33B-4B80-812C-411A3F32F836}.Release|Any CPU.ActiveCfg = Release|Any CPU
		{1F905DCF-A33B-4B80-812C-411A3F32F836}.Release|Any CPU.Build.0 = Release|Any CPU
	EndGlobalSection
	GlobalSection(SolutionProperties) = preSolution
		HideSolutionNode = FALSE
	EndGlobalSection
	GlobalSection(ExtensibilityGlobals) = postSolution
		SolutionGuid = {C15F9FD0-0D45-4568-AD82-1F4CCE322FBF}
	EndGlobalSection
EndGlobal
